
Microsoft Visual Studio Solution File, Format Version 12.00
# Visual Studio Version 16
VisualStudioVersion = 16.0.29613.14
MinimumVisualStudioVersion = 10.0.40219.1
Project("{FAE04EC0-301F-11D3-BF4B-00C04F79EFBC}") = "TreinaWeb.MyApi.Api", "TreinaWeb.MyApi.Api\TreinaWeb.MyApi.Api.csproj", "{61F233A6-D5BC-4CDF-A2DD-6D3473F02F79}"
EndProject
Project("{FAE04EC0-301F-11D3-BF4B-00C04F79EFBC}") = "0-Domain", "0-Domain\0-Domain.csproj", "{F5773E23-F861-4E91-9BEB-CCBB5EA31879}"
EndProject
Project("{FAE04EC0-301F-11D3-BF4B-00C04F79EFBC}") = "1-Service", "Service\1-Service.csproj", "{4699416C-8CC4-48AF-BDA5-64E6BC7F7AC6}"
EndProject
Project("{2150E333-8FDC-42A3-9474-1A3956D46DE8}") = "Commom", "Commom", "{80FD7F2D-1165-4420-8EE7-118FF31E5132}"
EndProject
Project("{FAE04EC0-301F-11D3-BF4B-00C04F79EFBC}") = "Commom.Repository", "Repository\Commom.Repository.csproj", "{4B0749CE-3508-45F4-B1A7-4EC07DA5A403}"
EndProject
Project("{FAE04EC0-301F-11D3-BF4B-00C04F79EFBC}") = "Commom.Repository.EF", "Repository.EF\Commom.Repository.EF.csproj", "{9A4F17E8-2696-499C-8DB7-B93197880671}"
EndProject
Project("{FAE04EC0-301F-11D3-BF4B-00C04F79EFBC}") = "2-Repository.EF", "2-Repository.EF\2-Repository.EF.csproj", "{A976F980-7A6B-4C1F-8E16-17DCB7E6B0BC}"
EndProject
Global
	GlobalSection(SolutionConfigurationPlatforms) = preSolution
		Debug|Any CPU = Debug|Any CPU
		Release|Any CPU = Release|Any CPU
	EndGlobalSection
	GlobalSection(ProjectConfigurationPlatforms) = postSolution
		{61F233A6-D5BC-4CDF-A2DD-6D3473F02F79}.Debug|Any CPU.ActiveCfg = Debug|Any CPU
		{61F233A6-D5BC-4CDF-A2DD-6D3473F02F79}.Debug|Any CPU.Build.0 = Debug|Any CPU
		{61F233A6-D5BC-4CDF-A2DD-6D3473F02F79}.Release|Any CPU.ActiveCfg = Release|Any CPU
		{61F233A6-D5BC-4CDF-A2DD-6D3473F02F79}.Release|Any CPU.Build.0 = Release|Any CPU
		{F5773E23-F861-4E91-9BEB-CCBB5EA31879}.Debug|Any CPU.ActiveCfg = Debug|Any CPU
		{F5773E23-F861-4E91-9BEB-CCBB5EA31879}.Debug|Any CPU.Build.0 = Debug|Any CPU
		{F5773E23-F861-4E91-9BEB-CCBB5EA31879}.Release|Any CPU.ActiveCfg = Release|Any CPU
		{F5773E23-F861-4E91-9BEB-CCBB5EA31879}.Release|Any CPU.Build.0 = Release|Any CPU
		{4699416C-8CC4-48AF-BDA5-64E6BC7F7AC6}.Debug|Any CPU.ActiveCfg = Debug|Any CPU
		{4699416C-8CC4-48AF-BDA5-64E6BC7F7AC6}.Debug|Any CPU.Build.0 = Debug|Any CPU
		{4699416C-8CC4-48AF-BDA5-64E6BC7F7AC6}.Release|Any CPU.ActiveCfg = Release|Any CPU
		{4699416C-8CC4-48AF-BDA5-64E6BC7F7AC6}.Release|Any CPU.Build.0 = Release|Any CPU
		{4B0749CE-3508-45F4-B1A7-4EC07DA5A403}.Debug|Any CPU.ActiveCfg = Debug|Any CPU
		{4B0749CE-3508-45F4-B1A7-4EC07DA5A403}.Debug|Any CPU.Build.0 = Debug|Any CPU
		{4B0749CE-3508-45F4-B1A7-4EC07DA5A403}.Release|Any CPU.ActiveCfg = Release|Any CPU
		{4B0749CE-3508-45F4-B1A7-4EC07DA5A403}.Release|Any CPU.Build.0 = Release|Any CPU
		{9A4F17E8-2696-499C-8DB7-B93197880671}.Debug|Any CPU.ActiveCfg = Debug|Any CPU
		{9A4F17E8-2696-499C-8DB7-B93197880671}.Debug|Any CPU.Build.0 = Debug|Any CPU
		{9A4F17E8-2696-499C-8DB7-B93197880671}.Release|Any CPU.ActiveCfg = Release|Any CPU
		{9A4F17E8-2696-499C-8DB7-B93197880671}.Release|Any CPU.Build.0 = Release|Any CPU
		{A976F980-7A6B-4C1F-8E16-17DCB7E6B0BC}.Debug|Any CPU.ActiveCfg = Debug|Any CPU
		{A976F980-7A6B-4C1F-8E16-17DCB7E6B0BC}.Debug|Any CPU.Build.0 = Debug|Any CPU
		{A976F980-7A6B-4C1F-8E16-17DCB7E6B0BC}.Release|Any CPU.ActiveCfg = Release|Any CPU
		{A976F980-7A6B-4C1F-8E16-17DCB7E6B0BC}.Release|Any CPU.Build.0 = Release|Any CPU
	EndGlobalSection
	GlobalSection(SolutionProperties) = preSolution
		HideSolutionNode = FALSE
	EndGlobalSection
	GlobalSection(NestedProjects) = preSolution
		{4B0749CE-3508-45F4-B1A7-4EC07DA5A403} = {80FD7F2D-1165-4420-8EE7-118FF31E5132}
		{9A4F17E8-2696-499C-8DB7-B93197880671} = {80FD7F2D-1165-4420-8EE7-118FF31E5132}
	EndGlobalSection
	GlobalSection(ExtensibilityGlobals) = postSolution
		SolutionGuid = {BDA377E0-F7DB-47FF-A70E-16862EDCAFAB}
	EndGlobalSection
EndGlobal
